
Microsoft Visual Studio Solution File, Format Version 12.00
# Visual Studio Version 17
VisualStudioVersion = 17.0.32014.148
MinimumVisualStudioVersion = 10.0.40219.1
Project("{9A19103F-16F7-4668-BE54-9A1E7A4F7556}") = "Common.MultiValueDictionaryApp", "Common.MultiValueDictionaryApp\Common.MultiValueDictionaryApp.csproj", "{0E8CB6A8-3145-41BB-8B1A-ACAE7A12969A}"
EndProject
Project("{2150E333-8FDC-42A3-9474-1A3956D46DE8}") = "Solution Items", "Solution Items", "{7CF1962E-A11C-4954-92EB-E4BBDAD88DD2}"
	ProjectSection(SolutionItems) = preProject
		README.md = README.md
	EndProjectSection
EndProject
Project("{FAE04EC0-301F-11D3-BF4B-00C04F79EFBC}") = "Common2.MultiValueDictionaryApp.Tests", "..\Common2.MultiValueDictionaryApp.Tests\Common2.MultiValueDictionaryApp.Tests\Common2.MultiValueDictionaryApp.Tests.csproj", "{C93CFFD4-5402-418C-8D76-294676F7A756}"
EndProject
Global
	GlobalSection(SolutionConfigurationPlatforms) = preSolution
		Debug|Any CPU = Debug|Any CPU
		Release|Any CPU = Release|Any CPU
	EndGlobalSection
	GlobalSection(ProjectConfigurationPlatforms) = postSolution
		{0E8CB6A8-3145-41BB-8B1A-ACAE7A12969A}.Debug|Any CPU.ActiveCfg = Debug|Any CPU
		{0E8CB6A8-3145-41BB-8B1A-ACAE7A12969A}.Debug|Any CPU.Build.0 = Debug|Any CPU
		{0E8CB6A8-3145-41BB-8B1A-ACAE7A12969A}.Release|Any CPU.ActiveCfg = Release|Any CPU
		{0E8CB6A8-3145-41BB-8B1A-ACAE7A12969A}.Release|Any CPU.Build.0 = Release|Any CPU
		{C93CFFD4-5402-418C-8D76-294676F7A756}.Debug|Any CPU.ActiveCfg = Debug|Any CPU
		{C93CFFD4-5402-418C-8D76-294676F7A756}.Debug|Any CPU.Build.0 = Debug|Any CPU
		{C93CFFD4-5402-418C-8D76-294676F7A756}.Release|Any CPU.ActiveCfg = Release|Any CPU
		{C93CFFD4-5402-418C-8D76-294676F7A756}.Release|Any CPU.Build.0 = Release|Any CPU
	EndGlobalSection
	GlobalSection(SolutionProperties) = preSolution
		HideSolutionNode = FALSE
	EndGlobalSection
	GlobalSection(ExtensibilityGlobals) = postSolution
		SolutionGuid = {B5DADEF6-0778-41F6-B894-04DE5ED81659}
	EndGlobalSection
EndGlobal
